
Microsoft Visual Studio Solution File, Format Version 12.00
Project("{FAE04EC0-301F-11D3-BF4B-00C04F79EFBC}") = "DevHabit.Api", "DevHabit.Api\DevHabit.Api.csproj", "{B9CD22F6-479F-43A6-B60D-52DDEE291A8C}"
EndProject
Project("{2150E333-8FDC-42A3-9474-1A3956D46DE8}") = "src", "src", "{F1F5653E-3CA7-44A3-8B92-C38F456A69AF}"
EndProject
Project("{2150E333-8FDC-42A3-9474-1A3956D46DE8}") = "Solution Items", "Solution Items", "{12CF7B39-EE72-4512-AE70-47705C170770}"
	ProjectSection(SolutionItems) = preProject
		Directory.Build.props = Directory.Build.props
		Directory.Packages.props = Directory.Packages.props
		.editorconfig = .editorconfig
		compose.yaml = compose.yaml
	EndProjectSection
EndProject
Project("{2150E333-8FDC-42A3-9474-1A3956D46DE8}") = "tests", "tests", "{716EB396-0A2B-4EA7-96AB-F6C0CA3FC1A5}"
EndProject
Global
	GlobalSection(SolutionConfigurationPlatforms) = preSolution
		Debug|Any CPU = Debug|Any CPU
		Release|Any CPU = Release|Any CPU
	EndGlobalSection
	GlobalSection(ProjectConfigurationPlatforms) = postSolution
		{B9CD22F6-479F-43A6-B60D-52DDEE291A8C}.Debug|Any CPU.ActiveCfg = Debug|Any CPU
		{B9CD22F6-479F-43A6-B60D-52DDEE291A8C}.Debug|Any CPU.Build.0 = Debug|Any CPU
		{B9CD22F6-479F-43A6-B60D-52DDEE291A8C}.Release|Any CPU.ActiveCfg = Release|Any CPU
		{B9CD22F6-479F-43A6-B60D-52DDEE291A8C}.Release|Any CPU.Build.0 = Release|Any CPU
	EndGlobalSection
	GlobalSection(NestedProjects) = preSolution
		{B9CD22F6-479F-43A6-B60D-52DDEE291A8C} = {F1F5653E-3CA7-44A3-8B92-C38F456A69AF}
	EndGlobalSection
EndGlobal
